
Microsoft Visual Studio Solution File, Format Version 12.00
# Visual Studio Version 17
VisualStudioVersion = 17.1.32210.238
MinimumVisualStudioVersion = 10.0.40219.1
Project("{9A19103F-16F7-4668-BE54-9A1E7A4F7556}") = "QueryPack.Criterias", "src\QueryPack.Criterias\QueryPack.Criterias.csproj", "{50E17767-B73F-43CE-BD9C-6C052DDCBFD6}"
EndProject
Project("{2150E333-8FDC-42A3-9474-1A3956D46DE8}") = "src", "src", "{27E9DAA1-050C-4228-871E-DC437BFB9BAC}"
EndProject
Project("{FAE04EC0-301F-11D3-BF4B-00C04F79EFBC}") = "QueryPack.Criterias.Examples", "src\QueryPack.Criterias.Examples\QueryPack.Criterias.Examples.csproj", "{3BE9A529-DFA2-4ADB-85D7-5FF1D94A3A05}"
EndProject
Global
	GlobalSection(SolutionConfigurationPlatforms) = preSolution
		Debug|Any CPU = Debug|Any CPU
		Release|Any CPU = Release|Any CPU
	EndGlobalSection
	GlobalSection(ProjectConfigurationPlatforms) = postSolution
		{50E17767-B73F-43CE-BD9C-6C052DDCBFD6}.Debug|Any CPU.ActiveCfg = Debug|Any CPU
		{50E17767-B73F-43CE-BD9C-6C052DDCBFD6}.Debug|Any CPU.Build.0 = Debug|Any CPU
		{50E17767-B73F-43CE-BD9C-6C052DDCBFD6}.Release|Any CPU.ActiveCfg = Release|Any CPU
		{50E17767-B73F-43CE-BD9C-6C052DDCBFD6}.Release|Any CPU.Build.0 = Release|Any CPU
		{3BE9A529-DFA2-4ADB-85D7-5FF1D94A3A05}.Debug|Any CPU.ActiveCfg = Debug|Any CPU
		{3BE9A529-DFA2-4ADB-85D7-5FF1D94A3A05}.Debug|Any CPU.Build.0 = Debug|Any CPU
		{3BE9A529-DFA2-4ADB-85D7-5FF1D94A3A05}.Release|Any CPU.ActiveCfg = Release|Any CPU
		{3BE9A529-DFA2-4ADB-85D7-5FF1D94A3A05}.Release|Any CPU.Build.0 = Release|Any CPU
	EndGlobalSection
	GlobalSection(SolutionProperties) = preSolution
		HideSolutionNode = FALSE
	EndGlobalSection
	GlobalSection(NestedProjects) = preSolution
		{50E17767-B73F-43CE-BD9C-6C052DDCBFD6} = {27E9DAA1-050C-4228-871E-DC437BFB9BAC}
		{3BE9A529-DFA2-4ADB-85D7-5FF1D94A3A05} = {27E9DAA1-050C-4228-871E-DC437BFB9BAC}
	EndGlobalSection
	GlobalSection(ExtensibilityGlobals) = postSolution
		SolutionGuid = {99EFD9ED-7BAC-4C01-A63B-EE90FFFC4307}
	EndGlobalSection
EndGlobal
